
Microsoft Visual Studio Solution File, Format Version 12.00
# Visual Studio 15
VisualStudioVersion = 15.0.26430.12
MinimumVisualStudioVersion = 10.0.40219.1
Project("{FAE04EC0-301F-11D3-BF4B-00C04F79EFBC}") = "DroneLander.Android", "DroneLander\DroneLander.Android\DroneLander.Android.csproj", "{A245E626-CE3A-49E5-9395-CDC97DE924FA}"
EndProject
Project("{FAE04EC0-301F-11D3-BF4B-00C04F79EFBC}") = "DroneLander", "DroneLander\DroneLander\DroneLander.csproj", "{BDCBF065-0B7B-4DAF-B9F7-C2B564E24FAA}"
EndProject
Project("{FAE04EC0-301F-11D3-BF4B-00C04F79EFBC}") = "DroneLander.UWP", "DroneLander\DroneLander.UWP\DroneLander.UWP.csproj", "{E0BEEA67-5C0F-41AF-AC0A-9283A098E727}"
EndProject
Project("{FAE04EC0-301F-11D3-BF4B-00C04F79EFBC}") = "DroneLander.iOS", "DroneLander\DroneLander.iOS\DroneLander.iOS.csproj", "{EBDFA632-BDA5-4D89-AC3D-43A95F88225C}"
EndProject
Global
	GlobalSection(SolutionConfigurationPlatforms) = preSolution
		Ad-Hoc|Any CPU = Ad-Hoc|Any CPU
		Ad-Hoc|ARM = Ad-Hoc|ARM
		Ad-Hoc|iPhone = Ad-Hoc|iPhone
		Ad-Hoc|iPhoneSimulator = Ad-Hoc|iPhoneSimulator
		Ad-Hoc|x64 = Ad-Hoc|x64
		Ad-Hoc|x86 = Ad-Hoc|x86
		AppStore|Any CPU = AppStore|Any CPU
		AppStore|ARM = AppStore|ARM
		AppStore|iPhone = AppStore|iPhone
		AppStore|iPhoneSimulator = AppStore|iPhoneSimulator
		AppStore|x64 = AppStore|x64
		AppStore|x86 = AppStore|x86
		Debug|Any CPU = Debug|Any CPU
		Debug|ARM = Debug|ARM
		Debug|iPhone = Debug|iPhone
		Debug|iPhoneSimulator = Debug|iPhoneSimulator
		Debug|x64 = Debug|x64
		Debug|x86 = Debug|x86
		Release|Any CPU = Release|Any CPU
		Release|ARM = Release|ARM
		Release|iPhone = Release|iPhone
		Release|iPhoneSimulator = Release|iPhoneSimulator
		Release|x64 = Release|x64
		Release|x86 = Release|x86
	EndGlobalSection
	GlobalSection(ProjectConfigurationPlatforms) = postSolution
		{A245E626-CE3A-49E5-9395-CDC97DE924FA}.Ad-Hoc|Any CPU.ActiveCfg = Release|Any CPU
		{A245E626-CE3A-49E5-9395-CDC97DE924FA}.Ad-Hoc|Any CPU.Build.0 = Release|Any CPU
		{A245E626-CE3A-49E5-9395-CDC97DE924FA}.Ad-Hoc|Any CPU.Deploy.0 = Release|Any CPU
		{A245E626-CE3A-49E5-9395-CDC97DE924FA}.Ad-Hoc|ARM.ActiveCfg = Release|Any CPU
		{A245E626-CE3A-49E5-9395-CDC97DE924FA}.Ad-Hoc|ARM.Build.0 = Release|Any CPU
		{A245E626-CE3A-49E5-9395-CDC97DE924FA}.Ad-Hoc|ARM.Deploy.0 = Release|Any CPU
		{A245E626-CE3A-49E5-9395-CDC97DE924FA}.Ad-Hoc|iPhone.ActiveCfg = Release|Any CPU
		{A245E626-CE3A-49E5-9395-CDC97DE924FA}.Ad-Hoc|iPhone.Build.0 = Release|Any CPU
		{A245E626-CE3A-49E5-9395-CDC97DE924FA}.Ad-Hoc|iPhone.Deploy.0 = Release|Any CPU
		{A245E626-CE3A-49E5-9395-CDC97DE924FA}.Ad-Hoc|iPhoneSimulator.ActiveCfg = Release|Any CPU
		{A245E626-CE3A-49E5-9395-CDC97DE924FA}.Ad-Hoc|iPhoneSimulator.Build.0 = Release|Any CPU
		{A245E626-CE3A-49E5-9395-CDC97DE924FA}.Ad-Hoc|iPhoneSimulator.Deploy.0 = Release|Any CPU
		{A245E626-CE3A-49E5-9395-CDC97DE924FA}.Ad-Hoc|x64.ActiveCfg = Release|Any CPU
		{A245E626-CE3A-49E5-9395-CDC97DE924FA}.Ad-Hoc|x64.Build.0 = Release|Any CPU
		{A245E626-CE3A-49E5-9395-CDC97DE924FA}.Ad-Hoc|x64.Deploy.0 = Release|Any CPU
		{A245E626-CE3A-49E5-9395-CDC97DE924FA}.Ad-Hoc|x86.ActiveCfg = Release|Any CPU
		{A245E626-CE3A-49E5-9395-CDC97DE924FA}.Ad-Hoc|x86.Build.0 = Release|Any CPU
		{A245E626-CE3A-49E5-9395-CDC97DE924FA}.Ad-Hoc|x86.Deploy.0 = Release|Any CPU
		{A245E626-CE3A-49E5-9395-CDC97DE924FA}.AppStore|Any CPU.ActiveCfg = Release|Any CPU
		{A245E626-CE3A-49E5-9395-CDC97DE924FA}.AppStore|Any CPU.Build.0 = Release|Any CPU
		{A245E626-CE3A-49E5-9395-CDC97DE924FA}.AppStore|Any CPU.Deploy.0 = Release|Any CPU
		{A245E626-CE3A-49E5-9395-CDC97DE924FA}.AppStore|ARM.ActiveCfg = Release|Any CPU
		{A245E626-CE3A-49E5-9395-CDC97DE924FA}.AppStore|ARM.Build.0 = Release|Any CPU
		{A245E626-CE3A-49E5-9395-CDC97DE924FA}.AppStore|ARM.Deploy.0 = Release|Any CPU
		{A245E626-CE3A-49E5-9395-CDC97DE924FA}.AppStore|iPhone.ActiveCfg = Release|Any CPU
		{A245E626-CE3A-49E5-9395-CDC97DE924FA}.AppStore|iPhone.Build.0 = Release|Any CPU
		{A245E626-CE3A-49E5-9395-CDC97DE924FA}.AppStore|iPhone.Deploy.0 = Release|Any CPU
		{A245E626-CE3A-49E5-9395-CDC97DE924FA}.AppStore|iPhoneSimulator.ActiveCfg = Release|Any CPU
		{A245E626-CE3A-49E5-9395-CDC97DE924FA}.AppStore|iPhoneSimulator.Build.0 = Release|Any CPU
		{A245E626-CE3A-49E5-9395-CDC97DE924FA}.AppStore|iPhoneSimulator.Deploy.0 = Release|Any CPU
		{A245E626-CE3A-49E5-9395-CDC97DE924FA}.AppStore|x64.ActiveCfg = Release|Any CPU
		{A245E626-CE3A-49E5-9395-CDC97DE924FA}.AppStore|x64.Build.0 = Release|Any CPU
		{A245E626-CE3A-49E5-9395-CDC97DE924FA}.AppStore|x64.Deploy.0 = Release|Any CPU
		{A245E626-CE3A-49E5-9395-CDC97DE924FA}.AppStore|x86.ActiveCfg = Release|Any CPU
		{A245E626-CE3A-49E5-9395-CDC97DE924FA}.AppStore|x86.Build.0 = Release|Any CPU
		{A245E626-CE3A-49E5-9395-CDC97DE924FA}.AppStore|x86.Deploy.0 = Release|Any CPU
		{A245E626-CE3A-49E5-9395-CDC97DE924FA}.Debug|Any CPU.ActiveCfg = Debug|Any CPU
		{A245E626-CE3A-49E5-9395-CDC97DE924FA}.Debug|Any CPU.Build.0 = Debug|Any CPU
		{A245E626-CE3A-49E5-9395-CDC97DE924FA}.Debug|Any CPU.Deploy.0 = Debug|Any CPU
		{A245E626-CE3A-49E5-9395-CDC97DE924FA}.Debug|ARM.ActiveCfg = Debug|Any CPU
		{A245E626-CE3A-49E5-9395-CDC97DE924FA}.Debug|ARM.Build.0 = Debug|Any CPU
		{A245E626-CE3A-49E5-9395-CDC97DE924FA}.Debug|ARM.Deploy.0 = Debug|Any CPU
		{A245E626-CE3A-49E5-9395-CDC97DE924FA}.Debug|iPhone.ActiveCfg = Debug|Any CPU
		{A245E626-CE3A-49E5-9395-CDC97DE924FA}.Debug|iPhone.Build.0 = Debug|Any CPU
		{A245E626-CE3A-49E5-9395-CDC97DE924FA}.Debug|iPhone.Deploy.0 = Debug|Any CPU
		{A245E626-CE3A-49E5-9395-CDC97DE924FA}.Debug|iPhoneSimulator.ActiveCfg = Debug|Any CPU
		{A245E626-CE3A-49E5-9395-CDC97DE924FA}.Debug|iPhoneSimulator.Build.0 = Debug|Any CPU
		{A245E626-CE3A-49E5-9395-CDC97DE924FA}.Debug|iPhoneSimulator.Deploy.0 = Debug|Any CPU
		{A245E626-CE3A-49E5-9395-CDC97DE924FA}.Debug|x64.ActiveCfg = Debug|Any CPU
		{A245E626-CE3A-49E5-9395-CDC97DE924FA}.Debug|x64.Build.0 = Debug|Any CPU
		{A245E626-CE3A-49E5-9395-CDC97DE924FA}.Debug|x64.Deploy.0 = Debug|Any CPU
		{A245E626-CE3A-49E5-9395-CDC97DE924FA}.Debug|x86.ActiveCfg = Debug|Any CPU
		{A245E626-CE3A-49E5-9395-CDC97DE924FA}.Debug|x86.Build.0 = Debug|Any CPU
		{A245E626-CE3A-49E5-9395-CDC97DE924FA}.Debug|x86.Deploy.0 = Debug|Any CPU
		{A245E626-CE3A-49E5-9395-CDC97DE924FA}.Release|Any CPU.ActiveCfg = Release|Any CPU
		{A245E626-CE3A-49E5-9395-CDC97DE924FA}.Release|Any CPU.Build.0 = Release|Any CPU
		{A245E626-CE3A-49E5-9395-CDC97DE924FA}.Release|Any CPU.Deploy.0 = Release|Any CPU
		{A245E626-CE3A-49E5-9395-CDC97DE924FA}.Release|ARM.ActiveCfg = Release|Any CPU
		{A245E626-CE3A-49E5-9395-CDC97DE924FA}.Release|ARM.Build.0 = Release|Any CPU
		{A245E626-CE3A-49E5-9395-CDC97DE924FA}.Release|ARM.Deploy.0 = Release|Any CPU
		{A245E626-CE3A-49E5-9395-CDC97DE924FA}.Release|iPhone.ActiveCfg = Release|Any CPU
		{A245E626-CE3A-49E5-9395-CDC97DE924FA}.Release|iPhone.Build.0 = Release|Any CPU
		{A245E626-CE3A-49E5-9395-CDC97DE924FA}.Release|iPhone.Deploy.0 = Release|Any CPU
		{A245E626-CE3A-49E5-9395-CDC97DE924FA}.Release|iPhoneSimulator.ActiveCfg = Release|Any CPU
		{A245E626-CE3A-49E5-9395-CDC97DE924FA}.Release|iPhoneSimulator.Build.0 = Release|Any CPU
		{A245E626-CE3A-49E5-9395-CDC97DE924FA}.Release|iPhoneSimulator.Deploy.0 = Release|Any CPU
		{A245E626-CE3A-49E5-9395-CDC97DE924FA}.Release|x64.ActiveCfg = Release|Any CPU
		{A245E626-CE3A-49E5-9395-CDC97DE924FA}.Release|x64.Build.0 = Release|Any CPU
		{A245E626-CE3A-49E5-9395-CDC97DE924FA}.Release|x64.Deploy.0 = Release|Any CPU
		{A245E626-CE3A-49E5-9395-CDC97DE924FA}.Release|x86.ActiveCfg = Release|Any CPU
		{A245E626-CE3A-49E5-9395-CDC97DE924FA}.Release|x86.Build.0 = Release|Any CPU
		{A245E626-CE3A-49E5-9395-CDC97DE924FA}.Release|x86.Deploy.0 = Release|Any CPU
		{BDCBF065-0B7B-4DAF-B9F7-C2B564E24FAA}.Ad-Hoc|Any CPU.ActiveCfg = Release|Any CPU
		{BDCBF065-0B7B-4DAF-B9F7-C2B564E24FAA}.Ad-Hoc|Any CPU.Build.0 = Release|Any CPU
		{BDCBF065-0B7B-4DAF-B9F7-C2B564E24FAA}.Ad-Hoc|ARM.ActiveCfg = Release|Any CPU
		{BDCBF065-0B7B-4DAF-B9F7-C2B564E24FAA}.Ad-Hoc|ARM.Build.0 = Release|Any CPU
		{BDCBF065-0B7B-4DAF-B9F7-C2B564E24FAA}.Ad-Hoc|iPhone.ActiveCfg = Release|Any CPU
		{BDCBF065-0B7B-4DAF-B9F7-C2B564E24FAA}.Ad-Hoc|iPhone.Build.0 = Release|Any CPU
		{BDCBF065-0B7B-4DAF-B9F7-C2B564E24FAA}.Ad-Hoc|iPhoneSimulator.ActiveCfg = Release|Any CPU
		{BDCBF065-0B7B-4DAF-B9F7-C2B564E24FAA}.Ad-Hoc|iPhoneSimulator.Build.0 = Release|Any CPU
		{BDCBF065-0B7B-4DAF-B9F7-C2B564E24FAA}.Ad-Hoc|x64.ActiveCfg = Release|Any CPU
		{BDCBF065-0B7B-4DAF-B9F7-C2B564E24FAA}.Ad-Hoc|x64.Build.0 = Release|Any CPU
		{BDCBF065-0B7B-4DAF-B9F7-C2B564E24FAA}.Ad-Hoc|x86.ActiveCfg = Release|Any CPU
		{BDCBF065-0B7B-4DAF-B9F7-C2B564E24FAA}.Ad-Hoc|x86.Build.0 = Release|Any CPU
		{BDCBF065-0B7B-4DAF-B9F7-C2B564E24FAA}.AppStore|Any CPU.ActiveCfg = Release|Any CPU
		{BDCBF065-0B7B-4DAF-B9F7-C2B564E24FAA}.AppStore|Any CPU.Build.0 = Release|Any CPU
		{BDCBF065-0B7B-4DAF-B9F7-C2B564E24FAA}.AppStore|ARM.ActiveCfg = Release|Any CPU
		{BDCBF065-0B7B-4DAF-B9F7-C2B564E24FAA}.AppStore|ARM.Build.0 = Release|Any CPU
		{BDCBF065-0B7B-4DAF-B9F7-C2B564E24FAA}.AppStore|iPhone.ActiveCfg = Release|Any CPU
		{BDCBF065-0B7B-4DAF-B9F7-C2B564E24FAA}.AppStore|iPhone.Build.0 = Release|Any CPU
		{BDCBF065-0B7B-4DAF-B9F7-C2B564E24FAA}.AppStore|iPhoneSimulator.ActiveCfg = Release|Any CPU
		{BDCBF065-0B7B-4DAF-B9F7-C2B564E24FAA}.AppStore|iPhoneSimulator.Build.0 = Release|Any CPU
		{BDCBF065-0B7B-4DAF-B9F7-C2B564E24FAA}.AppStore|x64.ActiveCfg = Release|Any CPU
		{BDCBF065-0B7B-4DAF-B9F7-C2B564E24FAA}.AppStore|x64.Build.0 = Release|Any CPU
		{BDCBF065-0B7B-4DAF-B9F7-C2B564E24FAA}.AppStore|x86.ActiveCfg = Release|Any CPU
		{BDCBF065-0B7B-4DAF-B9F7-C2B564E24FAA}.AppStore|x86.Build.0 = Release|Any CPU
		{BDCBF065-0B7B-4DAF-B9F7-C2B564E24FAA}.Debug|Any CPU.ActiveCfg = Debug|Any CPU
		{BDCBF065-0B7B-4DAF-B9F7-C2B564E24FAA}.Debug|Any CPU.Build.0 = Debug|Any CPU
		{BDCBF065-0B7B-4DAF-B9F7-C2B564E24FAA}.Debug|ARM.ActiveCfg = Debug|Any CPU
		{BDCBF065-0B7B-4DAF-B9F7-C2B564E24FAA}.Debug|ARM.Build.0 = Debug|Any CPU
		{BDCBF065-0B7B-4DAF-B9F7-C2B564E24FAA}.Debug|iPhone.ActiveCfg = Debug|Any CPU
		{BDCBF065-0B7B-4DAF-B9F7-C2B564E24FAA}.Debug|iPhone.Build.0 = Debug|Any CPU
		{BDCBF065-0B7B-4DAF-B9F7-C2B564E24FAA}.Debug|iPhoneSimulator.ActiveCfg = Debug|Any CPU
		{BDCBF065-0B7B-4DAF-B9F7-C2B564E24FAA}.Debug|iPhoneSimulator.Build.0 = Debug|Any CPU
		{BDCBF065-0B7B-4DAF-B9F7-C2B564E24FAA}.Debug|x64.ActiveCfg = Debug|Any CPU
		{BDCBF065-0B7B-4DAF-B9F7-C2B564E24FAA}.Debug|x64.Build.0 = Debug|Any CPU
		{BDCBF065-0B7B-4DAF-B9F7-C2B564E24FAA}.Debug|x86.ActiveCfg = Debug|Any CPU
		{BDCBF065-0B7B-4DAF-B9F7-C2B564E24FAA}.Debug|x86.Build.0 = Debug|Any CPU
		{BDCBF065-0B7B-4DAF-B9F7-C2B564E24FAA}.Release|Any CPU.ActiveCfg = Release|Any CPU
		{BDCBF065-0B7B-4DAF-B9F7-C2B564E24FAA}.Release|Any CPU.Build.0 = Release|Any CPU
		{BDCBF065-0B7B-4DAF-B9F7-C2B564E24FAA}.Release|ARM.ActiveCfg = Release|Any CPU
		{BDCBF065-0B7B-4DAF-B9F7-C2B564E24FAA}.Release|ARM.Build.0 = Release|Any CPU
		{BDCBF065-0B7B-4DAF-B9F7-C2B564E24FAA}.Release|iPhone.ActiveCfg = Release|Any CPU
		{BDCBF065-0B7B-4DAF-B9F7-C2B564E24FAA}.Release|iPhone.Build.0 = Release|Any CPU
		{BDCBF065-0B7B-4DAF-B9F7-C2B564E24FAA}.Release|iPhoneSimulator.ActiveCfg = Release|Any CPU
		{BDCBF065-0B7B-4DAF-B9F7-C2B564E24FAA}.Release|iPhoneSimulator.Build.0 = Release|Any CPU
		{BDCBF065-0B7B-4DAF-B9F7-C2B564E24FAA}.Release|x64.ActiveCfg = Release|Any CPU
		{BDCBF065-0B7B-4DAF-B9F7-C2B564E24FAA}.Release|x64.Build.0 = Release|Any CPU
		{BDCBF065-0B7B-4DAF-B9F7-C2B564E24FAA}.Release|x86.ActiveCfg = Release|Any CPU
		{BDCBF065-0B7B-4DAF-B9F7-C2B564E24FAA}.Release|x86.Build.0 = Release|Any CPU
		{E0BEEA67-5C0F-41AF-AC0A-9283A098E727}.Ad-Hoc|Any CPU.ActiveCfg = Release|x86
		{E0BEEA67-5C0F-41AF-AC0A-9283A098E727}.Ad-Hoc|Any CPU.Build.0 = Release|x86
		{E0BEEA67-5C0F-41AF-AC0A-9283A098E727}.Ad-Hoc|Any CPU.Deploy.0 = Release|x86
		{E0BEEA67-5C0F-41AF-AC0A-9283A098E727}.Ad-Hoc|ARM.ActiveCfg = Release|ARM
		{E0BEEA67-5C0F-41AF-AC0A-9283A098E727}.Ad-Hoc|ARM.Build.0 = Release|ARM
		{E0BEEA67-5C0F-41AF-AC0A-9283A098E727}.Ad-Hoc|ARM.Deploy.0 = Release|ARM
		{E0BEEA67-5C0F-41AF-AC0A-9283A098E727}.Ad-Hoc|iPhone.ActiveCfg = Release|x86
		{E0BEEA67-5C0F-41AF-AC0A-9283A098E727}.Ad-Hoc|iPhone.Build.0 = Release|x86
		{E0BEEA67-5C0F-41AF-AC0A-9283A098E727}.Ad-Hoc|iPhone.Deploy.0 = Release|x86
		{E0BEEA67-5C0F-41AF-AC0A-9283A098E727}.Ad-Hoc|iPhoneSimulator.ActiveCfg = Release|x86
		{E0BEEA67-5C0F-41AF-AC0A-9283A098E727}.Ad-Hoc|iPhoneSimulator.Build.0 = Release|x86
		{E0BEEA67-5C0F-41AF-AC0A-9283A098E727}.Ad-Hoc|iPhoneSimulator.Deploy.0 = Release|x86
		{E0BEEA67-5C0F-41AF-AC0A-9283A098E727}.Ad-Hoc|x64.ActiveCfg = Release|x64
		{E0BEEA67-5C0F-41AF-AC0A-9283A098E727}.Ad-Hoc|x64.Build.0 = Release|x64
		{E0BEEA67-5C0F-41AF-AC0A-9283A098E727}.Ad-Hoc|x64.Deploy.0 = Release|x64
		{E0BEEA67-5C0F-41AF-AC0A-9283A098E727}.Ad-Hoc|x86.ActiveCfg = Release|x86
		{E0BEEA67-5C0F-41AF-AC0A-9283A098E727}.Ad-Hoc|x86.Build.0 = Release|x86
		{E0BEEA67-5C0F-41AF-AC0A-9283A098E727}.Ad-Hoc|x86.Deploy.0 = Release|x86
		{E0BEEA67-5C0F-41AF-AC0A-9283A098E727}.AppStore|Any CPU.ActiveCfg = Release|x86
		{E0BEEA67-5C0F-41AF-AC0A-9283A098E727}.AppStore|Any CPU.Build.0 = Release|x86
		{E0BEEA67-5C0F-41AF-AC0A-9283A098E727}.AppStore|Any CPU.Deploy.0 = Release|x86
		{E0BEEA67-5C0F-41AF-AC0A-9283A098E727}.AppStore|ARM.ActiveCfg = Release|ARM
		{E0BEEA67-5C0F-41AF-AC0A-9283A098E727}.AppStore|ARM.Build.0 = Release|ARM
		{E0BEEA67-5C0F-41AF-AC0A-9283A098E727}.AppStore|ARM.Deploy.0 = Release|ARM
		{E0BEEA67-5C0F-41AF-AC0A-9283A098E727}.AppStore|iPhone.ActiveCfg = Release|x86
		{E0BEEA67-5C0F-41AF-AC0A-9283A098E727}.AppStore|iPhone.Build.0 = Release|x86
		{E0BEEA67-5C0F-41AF-AC0A-9283A098E727}.AppStore|iPhone.Deploy.0 = Release|x86
		{E0BEEA67-5C0F-41AF-AC0A-9283A098E727}.AppStore|iPhoneSimulator.ActiveCfg = Release|x86
		{E0BEEA67-5C0F-41AF-AC0A-9283A098E727}.AppStore|iPhoneSimulator.Build.0 = Release|x86
		{E0BEEA67-5C0F-41AF-AC0A-9283A098E727}.AppStore|iPhoneSimulator.Deploy.0 = Release|x86
		{E0BEEA67-5C0F-41AF-AC0A-9283A098E727}.AppStore|x64.ActiveCfg = Release|x64
		{E0BEEA67-5C0F-41AF-AC0A-9283A098E727}.AppStore|x64.Build.0 = Release|x64
		{E0BEEA67-5C0F-41AF-AC0A-9283A098E727}.AppStore|x64.Deploy.0 = Release|x64
		{E0BEEA67-5C0F-41AF-AC0A-9283A098E727}.AppStore|x86.ActiveCfg = Release|x86
		{E0BEEA67-5C0F-41AF-AC0A-9283A098E727}.AppStore|x86.Build.0 = Release|x86
		{E0BEEA67-5C0F-41AF-AC0A-9283A098E727}.AppStore|x86.Deploy.0 = Release|x86
		{E0BEEA67-5C0F-41AF-AC0A-9283A098E727}.Debug|Any CPU.ActiveCfg = Debug|x86
		{E0BEEA67-5C0F-41AF-AC0A-9283A098E727}.Debug|Any CPU.Build.0 = Debug|x86
		{E0BEEA67-5C0F-41AF-AC0A-9283A098E727}.Debug|Any CPU.Deploy.0 = Debug|x86
		{E0BEEA67-5C0F-41AF-AC0A-9283A098E727}.Debug|ARM.ActiveCfg = Debug|ARM
		{E0BEEA67-5C0F-41AF-AC0A-9283A098E727}.Debug|ARM.Build.0 = Debug|ARM
		{E0BEEA67-5C0F-41AF-AC0A-9283A098E727}.Debug|ARM.Deploy.0 = Debug|ARM
		{E0BEEA67-5C0F-41AF-AC0A-9283A098E727}.Debug|iPhone.ActiveCfg = Debug|x86
		{E0BEEA67-5C0F-41AF-AC0A-9283A098E727}.Debug|iPhoneSimulator.ActiveCfg = Debug|x86
		{E0BEEA67-5C0F-41AF-AC0A-9283A098E727}.Debug|x64.ActiveCfg = Debug|x64
		{E0BEEA67-5C0F-41AF-AC0A-9283A098E727}.Debug|x64.Build.0 = Debug|x64
		{E0BEEA67-5C0F-41AF-AC0A-9283A098E727}.Debug|x64.Deploy.0 = Debug|x64
		{E0BEEA67-5C0F-41AF-AC0A-9283A098E727}.Debug|x86.ActiveCfg = Debug|x86
		{E0BEEA67-5C0F-41AF-AC0A-9283A098E727}.Debug|x86.Build.0 = Debug|x86
		{E0BEEA67-5C0F-41AF-AC0A-9283A098E727}.Debug|x86.Deploy.0 = Debug|x86
		{E0BEEA67-5C0F-41AF-AC0A-9283A098E727}.Release|Any CPU.ActiveCfg = Release|x86
		{E0BEEA67-5C0F-41AF-AC0A-9283A098E727}.Release|Any CPU.Build.0 = Release|x86
		{E0BEEA67-5C0F-41AF-AC0A-9283A098E727}.Release|Any CPU.Deploy.0 = Release|x86
		{E0BEEA67-5C0F-41AF-AC0A-9283A098E727}.Release|ARM.ActiveCfg = Release|ARM
		{E0BEEA67-5C0F-41AF-AC0A-9283A098E727}.Release|ARM.Build.0 = Release|ARM
		{E0BEEA67-5C0F-41AF-AC0A-9283A098E727}.Release|ARM.Deploy.0 = Release|ARM
		{E0BEEA67-5C0F-41AF-AC0A-9283A098E727}.Release|iPhone.ActiveCfg = Release|x86
		{E0BEEA67-5C0F-41AF-AC0A-9283A098E727}.Release|iPhoneSimulator.ActiveCfg = Release|x86
		{E0BEEA67-5C0F-41AF-AC0A-9283A098E727}.Release|x64.ActiveCfg = Release|x64
		{E0BEEA67-5C0F-41AF-AC0A-9283A098E727}.Release|x64.Build.0 = Release|x64
		{E0BEEA67-5C0F-41AF-AC0A-9283A098E727}.Release|x64.Deploy.0 = Release|x64
		{E0BEEA67-5C0F-41AF-AC0A-9283A098E727}.Release|x86.ActiveCfg = Release|x86
		{E0BEEA67-5C0F-41AF-AC0A-9283A098E727}.Release|x86.Build.0 = Release|x86
		{E0BEEA67-5C0F-41AF-AC0A-9283A098E727}.Release|x86.Deploy.0 = Release|x86
		{EBDFA632-BDA5-4D89-AC3D-43A95F88225C}.Ad-Hoc|Any CPU.ActiveCfg = Ad-Hoc|iPhone
		{EBDFA632-BDA5-4D89-AC3D-43A95F88225C}.Ad-Hoc|ARM.ActiveCfg = Ad-Hoc|iPhone
		{EBDFA632-BDA5-4D89-AC3D-43A95F88225C}.Ad-Hoc|iPhone.ActiveCfg = Ad-Hoc|iPhone
		{EBDFA632-BDA5-4D89-AC3D-43A95F88225C}.Ad-Hoc|iPhone.Build.0 = Ad-Hoc|iPhone
		{EBDFA632-BDA5-4D89-AC3D-43A95F88225C}.Ad-Hoc|iPhoneSimulator.ActiveCfg = Ad-Hoc|iPhoneSimulator
		{EBDFA632-BDA5-4D89-AC3D-43A95F88225C}.Ad-Hoc|iPhoneSimulator.Build.0 = Ad-Hoc|iPhoneSimulator
		{EBDFA632-BDA5-4D89-AC3D-43A95F88225C}.Ad-Hoc|x64.ActiveCfg = Ad-Hoc|iPhone
		{EBDFA632-BDA5-4D89-AC3D-43A95F88225C}.Ad-Hoc|x86.ActiveCfg = Ad-Hoc|iPhone
		{EBDFA632-BDA5-4D89-AC3D-43A95F88225C}.AppStore|Any CPU.ActiveCfg = AppStore|iPhone
		{EBDFA632-BDA5-4D89-AC3D-43A95F88225C}.AppStore|ARM.ActiveCfg = AppStore|iPhone
		{EBDFA632-BDA5-4D89-AC3D-43A95F88225C}.AppStore|iPhone.ActiveCfg = AppStore|iPhone
		{EBDFA632-BDA5-4D89-AC3D-43A95F88225C}.AppStore|iPhone.Build.0 = AppStore|iPhone
		{EBDFA632-BDA5-4D89-AC3D-43A95F88225C}.AppStore|iPhoneSimulator.ActiveCfg = AppStore|iPhoneSimulator
		{EBDFA632-BDA5-4D89-AC3D-43A95F88225C}.AppStore|iPhoneSimulator.Build.0 = AppStore|iPhoneSimulator
		{EBDFA632-BDA5-4D89-AC3D-43A95F88225C}.AppStore|x64.ActiveCfg = AppStore|iPhone
		{EBDFA632-BDA5-4D89-AC3D-43A95F88225C}.AppStore|x86.ActiveCfg = AppStore|iPhone
		{EBDFA632-BDA5-4D89-AC3D-43A95F88225C}.Debug|Any CPU.ActiveCfg = Debug|iPhone
		{EBDFA632-BDA5-4D89-AC3D-43A95F88225C}.Debug|ARM.ActiveCfg = Debug|iPhone
		{EBDFA632-BDA5-4D89-AC3D-43A95F88225C}.Debug|iPhone.ActiveCfg = Debug|iPhone
		{EBDFA632-BDA5-4D89-AC3D-43A95F88225C}.Debug|iPhone.Build.0 = Debug|iPhone
		{EBDFA632-BDA5-4D89-AC3D-43A95F88225C}.Debug|iPhoneSimulator.ActiveCfg = Debug|iPhoneSimulator
		{EBDFA632-BDA5-4D89-AC3D-43A95F88225C}.Debug|iPhoneSimulator.Build.0 = Debug|iPhoneSimulator
		{EBDFA632-BDA5-4D89-AC3D-43A95F88225C}.Debug|x64.ActiveCfg = Debug|iPhone
		{EBDFA632-BDA5-4D89-AC3D-43A95F88225C}.Debug|x86.ActiveCfg = Debug|iPhone
		{EBDFA632-BDA5-4D89-AC3D-43A95F88225C}.Release|Any CPU.ActiveCfg = Release|iPhone
		{EBDFA632-BDA5-4D89-AC3D-43A95F88225C}.Release|ARM.ActiveCfg = Release|iPhone
		{EBDFA632-BDA5-4D89-AC3D-43A95F88225C}.Release|iPhone.ActiveCfg = Release|iPhone
		{EBDFA632-BDA5-4D89-AC3D-43A95F88225C}.Release|iPhone.Build.0 = Release|iPhone
		{EBDFA632-BDA5-4D89-AC3D-43A95F88225C}.Release|iPhoneSimulator.ActiveCfg = Release|iPhoneSimulator
		{EBDFA632-BDA5-4D89-AC3D-43A95F88225C}.Release|iPhoneSimulator.Build.0 = Release|iPhoneSimulator
		{EBDFA632-BDA5-4D89-AC3D-43A95F88225C}.Release|x64.ActiveCfg = Release|iPhone
		{EBDFA632-BDA5-4D89-AC3D-43A95F88225C}.Release|x86.ActiveCfg = Release|iPhone
	EndGlobalSection
	GlobalSection(SolutionProperties) = preSolution
		HideSolutionNode = FALSE
	EndGlobalSection
EndGlobal
